Microsoft Visual Studio Solution File, Format Version 12.00
# Visual Studio Version 17
VisualStudioVersion = 17.5.2.0
MinimumVisualStudioVersion = 10.0.40219.1
Project("{FAE04EC0-301F-11D3-BF4B-00C04F79EFBC}") = "find_virus", "find_virus\find_virus.csproj", "{20888E51-DCE5-9371-FC40-1CB98B907DE2}"
EndProject
Project("{FAE04EC0-301F-11D3-BF4B-00C04F79EFBC}") = "tallest_candles", "tallest_candles\tallest_candles.csproj", "{8E989A2D-636B-4810-B39B-B77A37FA4FB2}"
EndProject
Global
	GlobalSection(SolutionConfigurationPlatforms) = preSolution
		Debug|Any CPU = Debug|Any CPU
		Release|Any CPU = Release|Any CPU
	EndGlobalSection
	GlobalSection(ProjectConfigurationPlatforms) = postSolution
		{20888E51-DCE5-9371-FC40-1CB98B907DE2}.Debug|Any CPU.ActiveCfg = Debug|Any CPU
		{20888E51-DCE5-9371-FC40-1CB98B907DE2}.Debug|Any CPU.Build.0 = Debug|Any CPU
		{20888E51-DCE5-9371-FC40-1CB98B907DE2}.Release|Any CPU.ActiveCfg = Release|Any CPU
		{20888E51-DCE5-9371-FC40-1CB98B907DE2}.Release|Any CPU.Build.0 = Release|Any CPU
		{8E989A2D-636B-4810-B39B-B77A37FA4FB2}.Debug|Any CPU.ActiveCfg = Debug|Any CPU
		{8E989A2D-636B-4810-B39B-B77A37FA4FB2}.Debug|Any CPU.Build.0 = Debug|Any CPU
		{8E989A2D-636B-4810-B39B-B77A37FA4FB2}.Release|Any CPU.ActiveCfg = Release|Any CPU
		{8E989A2D-636B-4810-B39B-B77A37FA4FB2}.Release|Any CPU.Build.0 = Release|Any CPU
	EndGlobalSection
	GlobalSection(SolutionProperties) = preSolution
		HideSolutionNode = FALSE
	EndGlobalSection
	GlobalSection(ExtensibilityGlobals) = postSolution
		SolutionGuid = {B49D0FE1-64B4-4076-9ACB-1FABDB2FA1F4}
	EndGlobalSection
EndGlobal
